// !$*UTF8*$!
{
	archiveVersion = 1;
	classes = {
	};
	objectVersion = 56;
	objects = {

/* Begin PBXBuildFile section */
		1F7498582CFB65E600D090A3 /* Extension + UIView.swift in Sources */ = {isa = PBXBuildFile; fileRef = 1F7498572CFB65E600D090A3 /* Extension + UIView.swift */; };
		1F74985A2CFC9E6D00D090A3 /* NetworkManager.swift in Sources */ = {isa = PBXBuildFile; fileRef = 1F7498592CFC9E6D00D090A3 /* NetworkManager.swift */; };
		1F8CF7B12CF7A08800E157DB /* AppDelegate.swift in Sources */ = {isa = PBXBuildFile; fileRef = 1F8CF7B02CF7A08800E157DB /* AppDelegate.swift */; };
		1F8CF7B32CF7A08800E157DB /* SceneDelegate.swift in Sources */ = {isa = PBXBuildFile; fileRef = 1F8CF7B22CF7A08800E157DB /* SceneDelegate.swift */; };
		1F8CF7B52CF7A08800E157DB /* WeatherViewController.swift in Sources */ = {isa = PBXBuildFile; fileRef = 1F8CF7B42CF7A08800E157DB /* WeatherViewController.swift */; };
		1F8CF7B82CF7A08800E157DB /* Main.storyboard in Resources */ = {isa = PBXBuildFile; fileRef = 1F8CF7B62CF7A08800E157DB /* Main.storyboard */; };
		1F8CF7BA2CF7A08A00E157DB /* Assets.xcassets in Resources */ = {isa = PBXBuildFile; fileRef = 1F8CF7B92CF7A08A00E157DB /* Assets.xcassets */; };
		1F8CF7BD2CF7A08A00E157DB /* LaunchScreen.storyboard in Resources */ = {isa = PBXBuildFile; fileRef = 1F8CF7BB2CF7A08A00E157DB /* LaunchScreen.storyboard */; };
		1F8CF7CA2CF7A21F00E157DB /* Weather.swift in Sources */ = {isa = PBXBuildFile; fileRef = 1F8CF7C92CF7A21F00E157DB /* Weather.swift */; };
		1FB89FF82D075A500042D098 /* MainViewController.swift in Sources */ = {isa = PBXBuildFile; fileRef = 1FB89FF72D075A500042D098 /* MainViewController.swift */; };
		1FB89FFB2D075D9B0042D098 /* CityActionCell.swift in Sources */ = {isa = PBXBuildFile; fileRef = 1FB89FFA2D075D9B0042D098 /* CityActionCell.swift */; };
/* End PBXBuildFile section */

/* Begin PBXFileReference section */
		1F7498572CFB65E600D090A3 /* Extension + UIView.swift */ = {isa = PBXFileReference; lastKnownFileType = sourcecode.swift; path = "Extension + UIView.swift"; sourceTree = "<group>"; };
		1F7498592CFC9E6D00D090A3 /* NetworkManager.swift */ = {isa = PBXFileReference; lastKnownFileType = sourcecode.swift; path = NetworkManager.swift; sourceTree = "<group>"; };
		1F8CF7AD2CF7A08800E157DB /* WeatherApp.app */ = {isa = PBXFileReference; explicitFileType = wrapper.application; includeInIndex = 0; path = WeatherApp.app; sourceTree = BUILT_PRODUCTS_DIR; };
		1F8CF7B02CF7A08800E157DB /* AppDelegate.swift */ = {isa = PBXFileReference; lastKnownFileType = sourcecode.swift; path = AppDelegate.swift; sourceTree = "<group>"; };
		1F8CF7B22CF7A08800E157DB /* SceneDelegate.swift */ = {isa = PBXFileReference; lastKnownFileType = sourcecode.swift; path = SceneDelegate.swift; sourceTree = "<group>"; };
		1F8CF7B42CF7A08800E157DB /* WeatherViewController.swift */ = {isa = PBXFileReference; lastKnownFileType = sourcecode.swift; path = WeatherViewController.swift; sourceTree = "<group>"; };
		1F8CF7B72CF7A08800E157DB /* Base */ = {isa = PBXFileReference; lastKnownFileType = file.storyboard; name = Base; path = Base.lproj/Main.storyboard; sourceTree = "<group>"; };
		1F8CF7B92CF7A08A00E157DB /* Assets.xcassets */ = {isa = PBXFileReference; lastKnownFileType = folder.assetcatalog; path = Assets.xcassets; sourceTree = "<group>"; };
		1F8CF7BC2CF7A08A00E157DB /* Base */ = {isa = PBXFileReference; lastKnownFileType = file.storyboard; name = Base; path = Base.lproj/LaunchScreen.storyboard; sourceTree = "<group>"; };
		1F8CF7BE2CF7A08A00E157DB /* Info.plist */ = {isa = PBXFileReference; lastKnownFileType = text.plist.xml; path = Info.plist; sourceTree = "<group>"; };
		1F8CF7C92CF7A21F00E157DB /* Weather.swift */ = {isa = PBXFileReference; lastKnownFileType = sourcecode.swift; path = Weather.swift; sourceTree = "<group>"; };
		1FB89FF72D075A500042D098 /* MainViewController.swift */ = {isa = PBXFileReference; lastKnownFileType = sourcecode.swift; path = MainViewController.swift; sourceTree = "<group>"; };
		1FB89FFA2D075D9B0042D098 /* CityActionCell.swift */ = {isa = PBXFileReference; lastKnownFileType = sourcecode.swift; path = CityActionCell.swift; sourceTree = "<group>"; };
/* End PBXFileReference section */

/* Begin PBXFrameworksBuildPhase section */
		1F8CF7AA2CF7A08800E157DB /* Frameworks */ = {
			isa = PBXFrameworksBuildPhase;
			buildActionMask = 2147483647;
			files = (
			);
			runOnlyForDeploymentPostprocessing = 0;
		};
/* End PBXFrameworksBuildPhase section */

/* Begin PBXGroup section */
		1F7498562CFB65CA00D090A3 /* Extension */ = {
			isa = PBXGroup;
			children = (
				1F7498572CFB65E600D090A3 /* Extension + UIView.swift */,
			);
			path = Extension;
			sourceTree = "<group>";
		};
		1F8CF7A42CF7A08800E157DB = {
			isa = PBXGroup;
			children = (
				1F8CF7AF2CF7A08800E157DB /* WeatherApp */,
				1F8CF7AE2CF7A08800E157DB /* Products */,
			);
			sourceTree = "<group>";
		};
		1F8CF7AE2CF7A08800E157DB /* Products */ = {
			isa = PBXGroup;
			children = (
				1F8CF7AD2CF7A08800E157DB /* WeatherApp.app */,
			);
			name = Products;
			sourceTree = "<group>";
		};
		1F8CF7AF2CF7A08800E157DB /* WeatherApp */ = {
			isa = PBXGroup;
			children = (
				1FB89FF92D075D810042D098 /* Views */,
				1F8CF7C72CF7A19100E157DB /* ViewControllers */,
				1F8CF7C82CF7A20500E157DB /* Models */,
				1F7498562CFB65CA00D090A3 /* Extension */,
				1FE4D8AA2CF7B067002B0AC7 /* Services */,
				1F8CF7C62CF7A16B00E157DB /* StoryBoards */,
				1F8CF7C52CF7A13400E157DB /* App */,
				1F8CF7C42CF7A0BC00E157DB /* Resources */,
			);
			path = WeatherApp;
			sourceTree = "<group>";
		};
		1F8CF7C42CF7A0BC00E157DB /* Resources */ = {
			isa = PBXGroup;
			children = (
				1F8CF7B92CF7A08A00E157DB /* Assets.xcassets */,
			);
			path = Resources;
			sourceTree = "<group>";
		};
		1F8CF7C52CF7A13400E157DB /* App */ = {
			isa = PBXGroup;
			children = (
				1F8CF7B02CF7A08800E157DB /* AppDelegate.swift */,
				1F8CF7B22CF7A08800E157DB /* SceneDelegate.swift */,
				1F8CF7BE2CF7A08A00E157DB /* Info.plist */,
			);
			path = App;
			sourceTree = "<group>";
		};
		1F8CF7C62CF7A16B00E157DB /* StoryBoards */ = {
			isa = PBXGroup;
			children = (
				1F8CF7B62CF7A08800E157DB /* Main.storyboard */,
				1F8CF7BB2CF7A08A00E157DB /* LaunchScreen.storyboard */,
			);
			path = StoryBoards;
			sourceTree = "<group>";
		};
		1F8CF7C72CF7A19100E157DB /* ViewControllers */ = {
			isa = PBXGroup;
			children = (
				1F8CF7B42CF7A08800E157DB /* WeatherViewController.swift */,
				1FB89FF72D075A500042D098 /* MainViewController.swift */,
			);
			path = ViewControllers;
			sourceTree = "<group>";
		};
		1F8CF7C82CF7A20500E157DB /* Models */ = {
			isa = PBXGroup;
			children = (
				1F8CF7C92CF7A21F00E157DB /* Weather.swift */,
			);
			path = Models;
			sourceTree = "<group>";
		};
		1FB89FF92D075D810042D098 /* Views */ = {
			isa = PBXGroup;
			children = (
				1FB89FFA2D075D9B0042D098 /* CityActionCell.swift */,
			);
			path = Views;
			sourceTree = "<group>";
		};
		1FE4D8AA2CF7B067002B0AC7 /* Services */ = {
			isa = PBXGroup;
			children = (
				1F7498592CFC9E6D00D090A3 /* NetworkManager.swift */,
			);
			path = Services;
			sourceTree = "<group>";
		};
/* End PBXGroup section */

/* Begin PBXNativeTarget section */
		1F8CF7AC2CF7A08800E157DB /* WeatherApp */ = {
			isa = PBXNativeTarget;
			buildConfigurationList = 1F8CF7C12CF7A08A00E157DB /* Build configuration list for PBXNativeTarget "WeatherApp" */;
			buildPhases = (
				1F8CF7A92CF7A08800E157DB /* Sources */,
				1F8CF7AA2CF7A08800E157DB /* Frameworks */,
				1F8CF7AB2CF7A08800E157DB /* Resources */,
			);
			buildRules = (
			);
			dependencies = (
			);
			name = WeatherApp;
			productName = WeatherApp;
			productReference = 1F8CF7AD2CF7A08800E157DB /* WeatherApp.app */;
			productType = "com.apple.product-type.application";
		};
/* End PBXNativeTarget section */

/* Begin PBXProject section */
		1F8CF7A52CF7A08800E157DB /* Project object */ = {
			isa = PBXProject;
			attributes = {
				BuildIndependentTargetsInParallel = 1;
				LastSwiftUpdateCheck = 1510;
				LastUpgradeCheck = 1510;
				TargetAttributes = {
					1F8CF7AC2CF7A08800E157DB = {
						CreatedOnToolsVersion = 15.1;
					};
				};
			};
			buildConfigurationList = 1F8CF7A82CF7A08800E157DB /* Build configuration list for PBXProject "WeatherApp" */;
			compatibilityVersion = "Xcode 14.0";
			developmentRegion = en;
			hasScannedForEncodings = 0;
			knownRegions = (
				en,
				Base,
			);
			mainGroup = 1F8CF7A42CF7A08800E157DB;
			productRefGroup = 1F8CF7AE2CF7A08800E157DB /* Products */;
			projectDirPath = "";
			projectRoot = "";
			targets = (
				1F8CF7AC2CF7A08800E157DB /* WeatherApp */,
			);
		};
/* End PBXProject section */

/* Begin PBXResourcesBuildPhase section */
		1F8CF7AB2CF7A08800E157DB /* Resources */ = {
			isa = PBXResourcesBuildPhase;
			buildActionMask = 2147483647;
			files = (
				1F8CF7BD2CF7A08A00E157DB /* LaunchScreen.storyboard in Resources */,
				1F8CF7BA2CF7A08A00E157DB /* Assets.xcassets in Resources */,
				1F8CF7B82CF7A08800E157DB /* Main.storyboard in Resources */,
			);
			runOnlyForDeploymentPostprocessing = 0;
		};
/* End PBXResourcesBuildPhase section */

/* Begin PBXSourcesBuildPhase section */
		1F8CF7A92CF7A08800E157DB /* Sources */ = {
			isa = PBXSourcesBuildPhase;
			buildActionMask = 2147483647;
			files = (
				1FB89FF82D075A500042D098 /* MainViewController.swift in Sources */,
				1F8CF7CA2CF7A21F00E157DB /* Weather.swift in Sources */,
				1FB89FFB2D075D9B0042D098 /* CityActionCell.swift in Sources */,
				1F8CF7B52CF7A08800E157DB /* WeatherViewController.swift in Sources */,
				1F7498582CFB65E600D090A3 /* Extension + UIView.swift in Sources */,
				1F74985A2CFC9E6D00D090A3 /* NetworkManager.swift in Sources */,
				1F8CF7B12CF7A08800E157DB /* AppDelegate.swift in Sources */,
				1F8CF7B32CF7A08800E157DB /* SceneDelegate.swift in Sources */,
			);
			runOnlyForDeploymentPostprocessing = 0;
		};
/* End PBXSourcesBuildPhase section */

/* Begin PBXVariantGroup section */
		1F8CF7B62CF7A08800E157DB /* Main.storyboard */ = {
			isa = PBXVariantGroup;
			children = (
				1F8CF7B72CF7A08800E157DB /* Base */,
			);
			name = Main.storyboard;
			sourceTree = "<group>";
		};
		1F8CF7BB2CF7A08A00E157DB /* LaunchScreen.storyboard */ = {
			isa = PBXVariantGroup;
			children = (
				1F8CF7BC2CF7A08A00E157DB /* Base */,
			);
			name = LaunchScreen.storyboard;
			sourceTree = "<group>";
		};
/* End PBXVariantGroup section */

/* Begin XCBuildConfiguration section */
		1F8CF7BF2CF7A08A00E157DB /* Debug */ = {
			isa = XCBuildConfiguration;
			buildSettings = {
				ALWAYS_SEARCH_USER_PATHS = NO;
				ASSETCATALOG_COMPILER_GENERATE_SWIFT_ASSET_SYMBOL_EXTENSIONS = YES;
				CLANG_ANALYZER_NONNULL = YES;
				CLANG_ANALYZER_NUMBER_OBJECT_CONVERSION = YES_AGGRESSIVE;
				CLANG_CXX_LANGUAGE_STANDARD = "gnu++20";
				CLANG_ENABLE_MODULES = YES;
				CLANG_ENABLE_OBJC_ARC = YES;
				CLANG_ENABLE_OBJC_WEAK = YES;
				CLANG_WARN_BLOCK_CAPTURE_AUTORELEASING = YES;
				CLANG_WARN_BOOL_CONVERSION = YES;
				CLANG_WARN_COMMA = YES;
				CLANG_WARN_CONSTANT_CONVERSION = YES;
				CLANG_WARN_DEPRECATED_OBJC_IMPLEMENTATIONS = YES;
				CLANG_WARN_DIRECT_OBJC_ISA_USAGE = YES_ERROR;
				CLANG_WARN_DOCUMENTATION_COMMENTS = YES;
				CLANG_WARN_EMPTY_BODY = YES;
				CLANG_WARN_ENUM_CONVERSION = YES;
				CLANG_WARN_INFINITE_RECURSION = YES;
				CLANG_WARN_INT_CONVERSION = YES;
				CLANG_WARN_NON_LITERAL_NULL_CONVERSION = YES;
				CLANG_WARN_OBJC_IMPLICIT_RETAIN_SELF = YES;
				CLANG_WARN_OBJC_LITERAL_CONVERSION = YES;
				CLANG_WARN_OBJC_ROOT_CLASS = YES_ERROR;
				CLANG_WARN_QUOTED_INCLUDE_IN_FRAMEWORK_HEADER = YES;
				CLANG_WARN_RANGE_LOOP_ANALYSIS = YES;
				CLANG_WARN_STRICT_PROTOTYPES = YES;
				CLANG_WARN_SUSPICIOUS_MOVE = YES;
				CLANG_WARN_UNGUARDED_AVAILABILITY = YES_AGGRESSIVE;
				CLANG_WARN_UNREACHABLE_CODE = YES;
				CLANG_WARN__DUPLICATE_METHOD_MATCH = YES;
				COPY_PHASE_STRIP = NO;
				DEBUG_INFORMATION_FORMAT = dwarf;
				ENABLE_STRICT_OBJC_MSGSEND = YES;
				ENABLE_TESTABILITY = YES;
				ENABLE_USER_SCRIPT_SANDBOXING = YES;
				GCC_C_LANGUAGE_STANDARD = gnu17;
				GCC_DYNAMIC_NO_PIC = NO;
				GCC_NO_COMMON_BLOCKS = YES;
				GCC_OPTIMIZATION_LEVEL = 0;
				GCC_PREPROCESSOR_DEFINITIONS = (
					"DEBUG=1",
					"$(inherited)",
				);
				GCC_WARN_64_TO_32_BIT_CONVERSION = YES;
				GCC_WARN_ABOUT_RETURN_TYPE = YES_ERROR;
				GCC_WARN_UNDECLARED_SELECTOR = YES;
				GCC_WARN_UNINITIALIZED_AUTOS = YES_AGGRESSIVE;
				GCC_WARN_UNUSED_FUNCTION = YES;
				GCC_WARN_UNUSED_VARIABLE = YES;
				IPHONEOS_DEPLOYMENT_TARGET = 17.2;
				LOCALIZATION_PREFERS_STRING_CATALOGS = YES;
				MTL_ENABLE_DEBUG_INFO = INCLUDE_SOURCE;
				MTL_FAST_MATH = YES;
				ONLY_ACTIVE_ARCH = YES;
				SDKROOT = iphoneos;
				SWIFT_ACTIVE_COMPILATION_CONDITIONS = "DEBUG $(inherited)";
				SWIFT_OPTIMIZATION_LEVEL = "-Onone";
			};
			name = Debug;
		};
		1F8CF7C02CF7A08A00E157DB /* Release */ = {
			isa = XCBuildConfiguration;
			buildSettings = {
				ALWAYS_SEARCH_USER_PATHS = NO;
				ASSETCATALOG_COMPILER_GENERATE_SWIFT_ASSET_SYMBOL_EXTENSIONS = YES;
				CLANG_ANALYZER_NONNULL = YES;
				CLANG_ANALYZER_NUMBER_OBJECT_CONVERSION = YES_AGGRESSIVE;
				CLANG_CXX_LANGUAGE_STANDARD = "gnu++20";
				CLANG_ENABLE_MODULES = YES;
				CLANG_ENABLE_OBJC_ARC = YES;
				CLANG_ENABLE_OBJC_WEAK = YES;
				CLANG_WARN_BLOCK_CAPTURE_AUTORELEASING = YES;
				CLANG_WARN_BOOL_CONVERSION = YES;
				CLANG_WARN_COMMA = YES;
				CLANG_WARN_CONSTANT_CONVERSION = YES;
				CLANG_WARN_DEPRECATED_OBJC_IMPLEMENTATIONS = YES;
				CLANG_WARN_DIRECT_OBJC_ISA_USAGE = YES_ERROR;
				CLANG_WARN_DOCUMENTATION_COMMENTS = YES;
				CLANG_WARN_EMPTY_BODY = YES;
				CLANG_WARN_ENUM_CONVERSION = YES;
				CLANG_WARN_INFINITE_RECURSION = YES;
				CLANG_WARN_INT_CONVERSION = YES;
				CLANG_WARN_NON_LITERAL_NULL_CONVERSION = YES;
				CLANG_WARN_OBJC_IMPLICIT_RETAIN_SELF = YES;
				CLANG_WARN_OBJC_LITERAL_CONVERSION = YES;
				CLANG_WARN_OBJC_ROOT_CLASS = YES_ERROR;
				CLANG_WARN_QUOTED_INCLUDE_IN_FRAMEWORK_HEADER = YES;
				CLANG_WARN_RANGE_LOOP_ANALYSIS = YES;
				CLANG_WARN_STRICT_PROTOTYPES = YES;
				CLANG_WARN_SUSPICIOUS_MOVE = YES;
				CLANG_WARN_UNGUARDED_AVAILABILITY = YES_AGGRESSIVE;
				CLANG_WARN_UNREACHABLE_CODE = YES;
				CLANG_WARN__DUPLICATE_METHOD_MATCH = YES;
				COPY_PHASE_STRIP = NO;
				DEBUG_INFORMATION_FORMAT = "dwarf-with-dsym";
				ENABLE_NS_ASSERTIONS = NO;
				ENABLE_STRICT_OBJC_MSGSEND = YES;
				ENABLE_USER_SCRIPT_SANDBOXING = YES;
				GCC_C_LANGUAGE_STANDARD = gnu17;
				GCC_NO_COMMON_BLOCKS = YES;
				GCC_WARN_64_TO_32_BIT_CONVERSION = YES;
				GCC_WARN_ABOUT_RETURN_TYPE = YES_ERROR;
				GCC_WARN_UNDECLARED_SELECTOR = YES;
				GCC_WARN_UNINITIALIZED_AUTOS = YES_AGGRESSIVE;
				GCC_WARN_UNUSED_FUNCTION = YES;
				GCC_WARN_UNUSED_VARIABLE = YES;
				IPHONEOS_DEPLOYMENT_TARGET = 17.2;
				LOCALIZATION_PREFERS_STRING_CATALOGS = YES;
				MTL_ENABLE_DEBUG_INFO = NO;
				MTL_FAST_MATH = YES;
				SDKROOT = iphoneos;
				SWIFT_COMPILATION_MODE = wholemodule;
				VALIDATE_PRODUCT = YES;
			};
			name = Release;
		};
		1F8CF7C22CF7A08A00E157DB /* Debug */ = {
			isa = XCBuildConfiguration;
			buildSettings = {
				ASSETCATALOG_COMPILER_APPICON_NAME = AppIcon;
				ASSETCATALOG_COMPILER_GLOBAL_ACCENT_COLOR_NAME = AccentColor;
				CODE_SIGN_STYLE = Automatic;
				CURRENT_PROJECT_VERSION = 1;
				GENERATE_INFOPLIST_FILE = YES;
				INFOPLIST_FILE = WeatherApp/App/Info.plist;
				INFOPLIST_KEY_UIApplicationSupportsIndirectInputEvents = YES;
				INFOPLIST_KEY_UILaunchStoryboardName = LaunchScreen;
				INFOPLIST_KEY_UIMainStoryboardFile = Main;
				INFOPLIST_KEY_UISupportedInterfaceOrientations = UIInterfaceOrientationPortrait;
				INFOPLIST_KEY_UISupportedInterfaceOrientations_iPad = "UIInterfaceOrientationLandscapeLeft UIInterfaceOrientationLandscapeRight UIInterfaceOrientationPortrait UIInterfaceOrientationPortraitUpsideDown";
				LD_RUNPATH_SEARCH_PATHS = (
					"$(inherited)",
					"@executable_path/Frameworks",
				);
				MARKETING_VERSION = 1.0;
				PRODUCT_BUNDLE_IDENTIFIER = malygin.WeatherApp;
				PRODUCT_NAME = "$(TARGET_NAME)";
				SUPPORTED_PLATFORMS = "iphoneos iphonesimulator";
				SUPPORTS_MACCATALYST = NO;
				SUPPORTS_MAC_DESIGNED_FOR_IPHONE_IPAD = NO;
				SWIFT_EMIT_LOC_STRINGS = YES;
				SWIFT_VERSION = 5.0;
				TARGETED_DEVICE_FAMILY = 1;
			};
			name = Debug;
		};
		1F8CF7C32CF7A08A00E157DB /* Release */ = {
			isa = XCBuildConfiguration;
			buildSettings = {
				ASSETCATALOG_COMPILER_APPICON_NAME = AppIcon;
				ASSETCATALOG_COMPILER_GLOBAL_ACCENT_COLOR_NAME = AccentColor;
				CODE_SIGN_STYLE = Automatic;
				CURRENT_PROJECT_VERSION = 1;
				GENERATE_INFOPLIST_FILE = YES;
				INFOPLIST_FILE = WeatherApp/App/Info.plist;
				INFOPLIST_KEY_UIApplicationSupportsIndirectInputEvents = YES;
				INFOPLIST_KEY_UILaunchStoryboardName = LaunchScreen;
				INFOPLIST_KEY_UIMainStoryboardFile = Main;
				INFOPLIST_KEY_UISupportedInterfaceOrientations = UIInterfaceOrientationPortrait;
				INFOPLIST_KEY_UISupportedInterfaceOrientations_iPad = "UIInterfaceOrientationLandscapeLeft UIInterfaceOrientationLandscapeRight UIInterfaceOrientationPortrait UIInterfaceOrientationPortraitUpsideDown";
				LD_RUNPATH_SEARCH_PATHS = (
					"$(inherited)",
					"@executable_path/Frameworks",
				);
				MARKETING_VERSION = 1.0;
				PRODUCT_BUNDLE_IDENTIFIER = malygin.WeatherApp;
				PRODUCT_NAME = "$(TARGET_NAME)";
				SUPPORTED_PLATFORMS = "iphoneos iphonesimulator";
				SUPPORTS_MACCATALYST = NO;
				SUPPORTS_MAC_DESIGNED_FOR_IPHONE_IPAD = NO;
				SWIFT_EMIT_LOC_STRINGS = YES;
				SWIFT_VERSION = 5.0;
				TARGETED_DEVICE_FAMILY = 1;
			};
			name = Release;
		};
/* End XCBuildConfiguration section */

/* Begin XCConfigurationList section */
		1F8CF7A82CF7A08800E157DB /* Build configuration list for PBXProject "WeatherApp" */ = {
			isa = XCConfigurationList;
			buildConfigurations = (
				1F8CF7BF2CF7A08A00E157DB /* Debug */,
				1F8CF7C02CF7A08A00E157DB /* Release */,
			);
			defaultConfigurationIsVisible = 0;
			defaultConfigurationName = Release;
		};
		1F8CF7C12CF7A08A00E157DB /* Build configuration list for PBXNativeTarget "WeatherApp" */ = {
			isa = XCConfigurationList;
			buildConfigurations = (
				1F8CF7C22CF7A08A00E157DB /* Debug */,
				1F8CF7C32CF7A08A00E157DB /* Release */,
			);
			defaultConfigurationIsVisible = 0;
			defaultConfigurationName = Release;
		};
/* End XCConfigurationList section */
	};
	rootObject = 1F8CF7A52CF7A08800E157DB /* Project object */;
}
